
Microsoft Visual Studio Solution File, Format Version 12.00
# Visual Studio Version 17
VisualStudioVersion = 17.0.32014.148
MinimumVisualStudioVersion = 10.0.40219.1
Project("{FAE04EC0-301F-11D3-BF4B-00C04F79EFBC}") = "BlazorChat.Server", "BlazorChat\Server\BlazorChat.Server.csproj", "{11E46587-7BC2-4564-A6A5-D6DB46EC437B}"
EndProject
Project("{FAE04EC0-301F-11D3-BF4B-00C04F79EFBC}") = "BlazorChat.Client", "BlazorChat\Client\BlazorChat.Client.csproj", "{AE9DC601-F32B-49A6-82ED-B6D0510139CC}"
EndProject
Project("{FAE04EC0-301F-11D3-BF4B-00C04F79EFBC}") = "BlazorChat.Shared", "BlazorChat\Shared\BlazorChat.Shared.csproj", "{5751A6E8-6380-47AD-AEEC-FDE2B09679DB}"
EndProject
Global
	GlobalSection(SolutionConfigurationPlatforms) = preSolution
		Debug|Any CPU = Debug|Any CPU
		Release|Any CPU = Release|Any CPU
	EndGlobalSection
	GlobalSection(ProjectConfigurationPlatforms) = postSolution
		{11E46587-7BC2-4564-A6A5-D6DB46EC437B}.Debug|Any CPU.ActiveCfg = Debug|Any CPU
		{11E46587-7BC2-4564-A6A5-D6DB46EC437B}.Debug|Any CPU.Build.0 = Debug|Any CPU
		{11E46587-7BC2-4564-A6A5-D6DB46EC437B}.Release|Any CPU.ActiveCfg = Release|Any CPU
		{11E46587-7BC2-4564-A6A5-D6DB46EC437B}.Release|Any CPU.Build.0 = Release|Any CPU
		{AE9DC601-F32B-49A6-82ED-B6D0510139CC}.Debug|Any CPU.ActiveCfg = Debug|Any CPU
		{AE9DC601-F32B-49A6-82ED-B6D0510139CC}.Debug|Any CPU.Build.0 = Debug|Any CPU
		{AE9DC601-F32B-49A6-82ED-B6D0510139CC}.Release|Any CPU.ActiveCfg = Release|Any CPU
		{AE9DC601-F32B-49A6-82ED-B6D0510139CC}.Release|Any CPU.Build.0 = Release|Any CPU
		{5751A6E8-6380-47AD-AEEC-FDE2B09679DB}.Debug|Any CPU.ActiveCfg = Debug|Any CPU
		{5751A6E8-6380-47AD-AEEC-FDE2B09679DB}.Debug|Any CPU.Build.0 = Debug|Any CPU
		{5751A6E8-6380-47AD-AEEC-FDE2B09679DB}.Release|Any CPU.ActiveCfg = Release|Any CPU
		{5751A6E8-6380-47AD-AEEC-FDE2B09679DB}.Release|Any CPU.Build.0 = Release|Any CPU
	EndGlobalSection
	GlobalSection(SolutionProperties) = preSolution
		HideSolutionNode = FALSE
	EndGlobalSection
	GlobalSection(ExtensibilityGlobals) = postSolution
		SolutionGuid = {0571086E-BB36-4059-95D3-531F5247E8C8}
	EndGlobalSection
EndGlobal
